
Microsoft Visual Studio Solution File, Format Version 12.00
# Visual Studio 15
Project("{FAE04EC0-301F-11D3-BF4B-00C04F79EFBC}") = "Unity.MARS", "Unity.MARS.csproj", "{94A902BB-0A8F-45C2-B70E-A0CABE6CE5C1}"
EndProject
Project("{FAE04EC0-301F-11D3-BF4B-00C04F79EFBC}") = "RuntimeInspector.Runtime", "RuntimeInspector.Runtime.csproj", "{7ED8897E-3F12-A6B5-AE82-4FDF64F2466C}"
EndProject
Project("{FAE04EC0-301F-11D3-BF4B-00C04F79EFBC}") = "Assembly-CSharp", "Assembly-CSharp.csproj", "{73634292-B4D4-2EFE-20DF-7D6054D08C3E}"
EndProject
Global
	GlobalSection(SolutionConfigurationPlatforms) = preSolution
		Debug|Any CPU = Debug|Any CPU
		Release|Any CPU = Release|Any CPU
	EndGlobalSection
	GlobalSection(ProjectConfigurationPlatforms) = postSolution
		{94A902BB-0A8F-45C2-B70E-A0CABE6CE5C1}.Debug|Any CPU.ActiveCfg = Debug|Any CPU
		{94A902BB-0A8F-45C2-B70E-A0CABE6CE5C1}.Debug|Any CPU.Build.0 = Debug|Any CPU
		{94A902BB-0A8F-45C2-B70E-A0CABE6CE5C1}.Release|Any CPU.ActiveCfg = Release|Any CPU
		{94A902BB-0A8F-45C2-B70E-A0CABE6CE5C1}.Release|Any CPU.Build.0 = Release|Any CPU
		{7ED8897E-3F12-A6B5-AE82-4FDF64F2466C}.Debug|Any CPU.ActiveCfg = Debug|Any CPU
		{7ED8897E-3F12-A6B5-AE82-4FDF64F2466C}.Debug|Any CPU.Build.0 = Debug|Any CPU
		{7ED8897E-3F12-A6B5-AE82-4FDF64F2466C}.Release|Any CPU.ActiveCfg = Release|Any CPU
		{7ED8897E-3F12-A6B5-AE82-4FDF64F2466C}.Release|Any CPU.Build.0 = Release|Any CPU
		{73634292-B4D4-2EFE-20DF-7D6054D08C3E}.Debug|Any CPU.ActiveCfg = Debug|Any CPU
		{73634292-B4D4-2EFE-20DF-7D6054D08C3E}.Debug|Any CPU.Build.0 = Debug|Any CPU
		{73634292-B4D4-2EFE-20DF-7D6054D08C3E}.Release|Any CPU.ActiveCfg = Release|Any CPU
		{73634292-B4D4-2EFE-20DF-7D6054D08C3E}.Release|Any CPU.Build.0 = Release|Any CPU
	EndGlobalSection
	GlobalSection(SolutionProperties) = preSolution
		HideSolutionNode = FALSE
	EndGlobalSection
EndGlobal
